// !$*UTF8*$!
{
	archiveVersion = 1;
	classes = {
	};
	objectVersion = 46;
	objects = {

/* Begin PBXAggregateTarget section */
		D360A8A216EBEE59001B9AF0 /* Mogenerator */ = {
			isa = PBXAggregateTarget;
			buildConfigurationList = D360A8A316EBEE59001B9AF0 /* Build configuration list for PBXAggregateTarget "Mogenerator" */;
			buildPhases = (
				D360A8A616EBEE60001B9AF0 /* ShellScript */,
			);
			dependencies = (
			);
			name = Mogenerator;
			productName = Mogenerator;
		};
/* End PBXAggregateTarget section */

/* Begin PBXBuildFile section */
		D312BEAF16E4318C00BB5CB8 /* PauseHover.png in Resources */ = {isa = PBXBuildFile; fileRef = D312BEA716E4318C00BB5CB8 /* PauseHover.png */; };
		D312BEB016E4318C00BB5CB8 /* PauseHover@2x.png in Resources */ = {isa = PBXBuildFile; fileRef = D312BEA816E4318C00BB5CB8 /* PauseHover@2x.png */; };
		D312BEB116E4318C00BB5CB8 /* PauseOn.png in Resources */ = {isa = PBXBuildFile; fileRef = D312BEA916E4318C00BB5CB8 /* PauseOn.png */; };
		D312BEB216E4318C00BB5CB8 /* PauseOn@2x.png in Resources */ = {isa = PBXBuildFile; fileRef = D312BEAA16E4318C00BB5CB8 /* PauseOn@2x.png */; };
		D312BEB316E4318C00BB5CB8 /* ResumeHover.png in Resources */ = {isa = PBXBuildFile; fileRef = D312BEAB16E4318C00BB5CB8 /* ResumeHover.png */; };
		D312BEB416E4318C00BB5CB8 /* ResumeHover@2x.png in Resources */ = {isa = PBXBuildFile; fileRef = D312BEAC16E4318C00BB5CB8 /* ResumeHover@2x.png */; };
		D312BEB516E4318C00BB5CB8 /* ResumeOn.png in Resources */ = {isa = PBXBuildFile; fileRef = D312BEAD16E4318C00BB5CB8 /* ResumeOn.png */; };
		D312BEB616E4318C00BB5CB8 /* ResumeOn@2x.png in Resources */ = {isa = PBXBuildFile; fileRef = D312BEAE16E4318C00BB5CB8 /* ResumeOn@2x.png */; };
		D34ACC1816DA547C00607AD7 /* UIKit.framework in Frameworks */ = {isa = PBXBuildFile; fileRef = D34ACC1716DA547C00607AD7 /* UIKit.framework */; };
		D34ACC1A16DA547C00607AD7 /* Foundation.framework in Frameworks */ = {isa = PBXBuildFile; fileRef = D34ACC1916DA547C00607AD7 /* Foundation.framework */; };
		D34ACC1C16DA547C00607AD7 /* CoreGraphics.framework in Frameworks */ = {isa = PBXBuildFile; fileRef = D34ACC1B16DA547C00607AD7 /* CoreGraphics.framework */; };
		D34ACC2216DA547C00607AD7 /* InfoPlist.strings in Resources */ = {isa = PBXBuildFile; fileRef = D34ACC2016DA547C00607AD7 /* InfoPlist.strings */; };
		D34ACC2416DA547C00607AD7 /* main.m in Sources */ = {isa = PBXBuildFile; fileRef = D34ACC2316DA547C00607AD7 /* main.m */; };
		D34ACC2816DA547C00607AD7 /* BPAppDelegate.m in Sources */ = {isa = PBXBuildFile; fileRef = D34ACC2716DA547C00607AD7 /* BPAppDelegate.m */; };
		D34ACC2A16DA547C00607AD7 /* Default.png in Resources */ = {isa = PBXBuildFile; fileRef = D34ACC2916DA547C00607AD7 /* Default.png */; };
		D34ACC2C16DA547C00607AD7 /* Default@2x.png in Resources */ = {isa = PBXBuildFile; fileRef = D34ACC2B16DA547C00607AD7 /* Default@2x.png */; };
		D34ACC2E16DA547C00607AD7 /* Default-568h@2x.png in Resources */ = {isa = PBXBuildFile; fileRef = D34ACC2D16DA547C00607AD7 /* Default-568h@2x.png */; };
		D34ACC4916DA560400607AD7 /* AFHTTPClient.m in Sources */ = {isa = PBXBuildFile; fileRef = D34ACC3716DA560400607AD7 /* AFHTTPClient.m */; };
		D34ACC4A16DA560400607AD7 /* AFHTTPRequestOperation.m in Sources */ = {isa = PBXBuildFile; fileRef = D34ACC3916DA560400607AD7 /* AFHTTPRequestOperation.m */; };
		D34ACC4B16DA560400607AD7 /* AFImageRequestOperation.m in Sources */ = {isa = PBXBuildFile; fileRef = D34ACC3B16DA560400607AD7 /* AFImageRequestOperation.m */; };
		D34ACC4C16DA560400607AD7 /* AFJSONRequestOperation.m in Sources */ = {isa = PBXBuildFile; fileRef = D34ACC3D16DA560400607AD7 /* AFJSONRequestOperation.m */; };
		D34ACC4D16DA560400607AD7 /* AFNetworkActivityIndicatorManager.m in Sources */ = {isa = PBXBuildFile; fileRef = D34ACC3F16DA560400607AD7 /* AFNetworkActivityIndicatorManager.m */; };
		D34ACC4E16DA560400607AD7 /* AFPropertyListRequestOperation.m in Sources */ = {isa = PBXBuildFile; fileRef = D34ACC4216DA560400607AD7 /* AFPropertyListRequestOperation.m */; };
		D34ACC4F16DA560400607AD7 /* AFURLConnectionOperation.m in Sources */ = {isa = PBXBuildFile; fileRef = D34ACC4416DA560400607AD7 /* AFURLConnectionOperation.m */; };
		D34ACC5016DA560400607AD7 /* AFXMLRequestOperation.m in Sources */ = {isa = PBXBuildFile; fileRef = D34ACC4616DA560400607AD7 /* AFXMLRequestOperation.m */; };
		D34ACC5116DA560400607AD7 /* UIImageView+AFNetworking.m in Sources */ = {isa = PBXBuildFile; fileRef = D34ACC4816DA560400607AD7 /* UIImageView+AFNetworking.m */; };
		D34ACC5316DA561300607AD7 /* MobileCoreServices.framework in Frameworks */ = {isa = PBXBuildFile; fileRef = D34ACC5216DA561300607AD7 /* MobileCoreServices.framework */; };
		D34ACC5516DA561800607AD7 /* Security.framework in Frameworks */ = {isa = PBXBuildFile; fileRef = D34ACC5416DA561800607AD7 /* Security.framework */; };
		D34ACC5716DA561D00607AD7 /* SystemConfiguration.framework in Frameworks */ = {isa = PBXBuildFile; fileRef = D34ACC5616DA561D00607AD7 /* SystemConfiguration.framework */; };
		D34ACC5A16DA566000607AD7 /* BPTransmissionClient.m in Sources */ = {isa = PBXBuildFile; fileRef = D34ACC5916DA566000607AD7 /* BPTransmissionClient.m */; };
		D34ACC5D16DA5F8E00607AD7 /* BPTorrentTableViewController.m in Sources */ = {isa = PBXBuildFile; fileRef = D34ACC5C16DA5F8E00607AD7 /* BPTorrentTableViewController.m */; };
		D34C0A5E16E050C500AAFB93 /* BPConnectionViewController.m in Sources */ = {isa = PBXBuildFile; fileRef = D34C0A5C16E050C500AAFB93 /* BPConnectionViewController.m */; };
		D34C0A5F16E050C500AAFB93 /* BPConnectionViewController.xib in Resources */ = {isa = PBXBuildFile; fileRef = D34C0A5D16E050C500AAFB93 /* BPConnectionViewController.xib */; };
		D34C0A6116E061FB00AAFB93 /* QuartzCore.framework in Frameworks */ = {isa = PBXBuildFile; fileRef = D34C0A6016E061FB00AAFB93 /* QuartzCore.framework */; };
		D35955F916E4028600C91ACC /* BPTorrentCell.xib in Resources */ = {isa = PBXBuildFile; fileRef = D35955F816E4028600C91ACC /* BPTorrentCell.xib */; };
		D35955FC16E40D0C00C91ACC /* UIColor+Progress.m in Sources */ = {isa = PBXBuildFile; fileRef = D35955FB16E40D0C00C91ACC /* UIColor+Progress.m */; };
		D35955FF16E40E3C00C91ACC /* BPProgressView.m in Sources */ = {isa = PBXBuildFile; fileRef = D35955FE16E40E3C00C91ACC /* BPProgressView.m */; };
		D360A83F16EBE1B9001B9AF0 /* Icon-72.png in Resources */ = {isa = PBXBuildFile; fileRef = D360A83416EBE1B9001B9AF0 /* Icon-72.png */; };
		D360A84016EBE1B9001B9AF0 /* Icon-72@2x.png in Resources */ = {isa = PBXBuildFile; fileRef = D360A83516EBE1B9001B9AF0 /* Icon-72@2x.png */; };
		D360A84516EBE1B9001B9AF0 /* Icon.png in Resources */ = {isa = PBXBuildFile; fileRef = D360A83A16EBE1B9001B9AF0 /* Icon.png */; };
		D360A84616EBE1B9001B9AF0 /* Icon@2x.png in Resources */ = {isa = PBXBuildFile; fileRef = D360A83B16EBE1B9001B9AF0 /* Icon@2x.png */; };
		D360A88516EBEE0D001B9AF0 /* MagicalImportFunctions.m in Sources */ = {isa = PBXBuildFile; fileRef = D360A84D16EBEE0D001B9AF0 /* MagicalImportFunctions.m */; };
		D360A88616EBEE0D001B9AF0 /* NSAttributeDescription+MagicalDataImport.m in Sources */ = {isa = PBXBuildFile; fileRef = D360A84F16EBEE0D001B9AF0 /* NSAttributeDescription+MagicalDataImport.m */; };
		D360A88716EBEE0D001B9AF0 /* NSEntityDescription+MagicalDataImport.m in Sources */ = {isa = PBXBuildFile; fileRef = D360A85116EBEE0D001B9AF0 /* NSEntityDescription+MagicalDataImport.m */; };
		D360A88816EBEE0D001B9AF0 /* NSNumber+MagicalDataImport.m in Sources */ = {isa = PBXBuildFile; fileRef = D360A85316EBEE0D001B9AF0 /* NSNumber+MagicalDataImport.m */; };
		D360A88916EBEE0D001B9AF0 /* NSObject+MagicalDataImport.m in Sources */ = {isa = PBXBuildFile; fileRef = D360A85516EBEE0D001B9AF0 /* NSObject+MagicalDataImport.m */; };
		D360A88A16EBEE0D001B9AF0 /* NSRelationshipDescription+MagicalDataImport.m in Sources */ = {isa = PBXBuildFile; fileRef = D360A85716EBEE0D001B9AF0 /* NSRelationshipDescription+MagicalDataImport.m */; };
		D360A88B16EBEE0D001B9AF0 /* NSString+MagicalDataImport.m in Sources */ = {isa = PBXBuildFile; fileRef = D360A85916EBEE0D001B9AF0 /* NSString+MagicalDataImport.m */; };
		D360A88C16EBEE0D001B9AF0 /* NSManagedObject+MagicalAggregation.m in Sources */ = {isa = PBXBuildFile; fileRef = D360A85C16EBEE0D001B9AF0 /* NSManagedObject+MagicalAggregation.m */; };
		D360A88D16EBEE0D001B9AF0 /* NSManagedObject+MagicalDataImport.m in Sources */ = {isa = PBXBuildFile; fileRef = D360A85E16EBEE0D001B9AF0 /* NSManagedObject+MagicalDataImport.m */; };
		D360A88E16EBEE0D001B9AF0 /* NSManagedObject+MagicalFinders.m in Sources */ = {isa = PBXBuildFile; fileRef = D360A86016EBEE0D001B9AF0 /* NSManagedObject+MagicalFinders.m */; };
		D360A88F16EBEE0D001B9AF0 /* NSManagedObject+MagicalRecord.m in Sources */ = {isa = PBXBuildFile; fileRef = D360A86216EBEE0D001B9AF0 /* NSManagedObject+MagicalRecord.m */; };
		D360A89016EBEE0D001B9AF0 /* NSManagedObject+MagicalRequests.m in Sources */ = {isa = PBXBuildFile; fileRef = D360A86416EBEE0D001B9AF0 /* NSManagedObject+MagicalRequests.m */; };
		D360A89116EBEE0D001B9AF0 /* NSManagedObjectContext+MagicalObserving.m in Sources */ = {isa = PBXBuildFile; fileRef = D360A86716EBEE0D001B9AF0 /* NSManagedObjectContext+MagicalObserving.m */; };
		D360A89216EBEE0D001B9AF0 /* NSManagedObjectContext+MagicalRecord.m in Sources */ = {isa = PBXBuildFile; fileRef = D360A86916EBEE0D001B9AF0 /* NSManagedObjectContext+MagicalRecord.m */; };
		D360A89316EBEE0D001B9AF0 /* NSManagedObjectContext+MagicalSaves.m in Sources */ = {isa = PBXBuildFile; fileRef = D360A86B16EBEE0D001B9AF0 /* NSManagedObjectContext+MagicalSaves.m */; };
		D360A89416EBEE0D001B9AF0 /* NSManagedObjectContext+MagicalThreading.m in Sources */ = {isa = PBXBuildFile; fileRef = D360A86D16EBEE0D001B9AF0 /* NSManagedObjectContext+MagicalThreading.m */; };
		D360A89516EBEE0D001B9AF0 /* NSManagedObjectModel+MagicalRecord.m in Sources */ = {isa = PBXBuildFile; fileRef = D360A86F16EBEE0D001B9AF0 /* NSManagedObjectModel+MagicalRecord.m */; };
		D360A89616EBEE0D001B9AF0 /* NSPersistentStore+MagicalRecord.m in Sources */ = {isa = PBXBuildFile; fileRef = D360A87116EBEE0D001B9AF0 /* NSPersistentStore+MagicalRecord.m */; };
		D360A89716EBEE0D001B9AF0 /* NSPersistentStoreCoordinator+MagicalRecord.m in Sources */ = {isa = PBXBuildFile; fileRef = D360A87316EBEE0D001B9AF0 /* NSPersistentStoreCoordinator+MagicalRecord.m */; };
		D360A89816EBEE0D001B9AF0 /* MagicalRecord+Actions.m in Sources */ = {isa = PBXBuildFile; fileRef = D360A87616EBEE0D001B9AF0 /* MagicalRecord+Actions.m */; };
		D360A89916EBEE0D001B9AF0 /* MagicalRecord+ErrorHandling.m in Sources */ = {isa = PBXBuildFile; fileRef = D360A87816EBEE0D001B9AF0 /* MagicalRecord+ErrorHandling.m */; };
		D360A89A16EBEE0D001B9AF0 /* MagicalRecord+iCloud.m in Sources */ = {isa = PBXBuildFile; fileRef = D360A87A16EBEE0D001B9AF0 /* MagicalRecord+iCloud.m */; };
		D360A89B16EBEE0D001B9AF0 /* MagicalRecord+Options.m in Sources */ = {isa = PBXBuildFile; fileRef = D360A87C16EBEE0D001B9AF0 /* MagicalRecord+Options.m */; };
		D360A89C16EBEE0D001B9AF0 /* MagicalRecord+Setup.m in Sources */ = {isa = PBXBuildFile; fileRef = D360A87E16EBEE0D001B9AF0 /* MagicalRecord+Setup.m */; };
		D360A89D16EBEE0D001B9AF0 /* MagicalRecord+ShorthandSupport.m in Sources */ = {isa = PBXBuildFile; fileRef = D360A88016EBEE0D001B9AF0 /* MagicalRecord+ShorthandSupport.m */; };
		D360A89E16EBEE0D001B9AF0 /* MagicalRecord.m in Sources */ = {isa = PBXBuildFile; fileRef = D360A88216EBEE0D001B9AF0 /* MagicalRecord.m */; };
		D360A8A016EBEE20001B9AF0 /* CoreData.framework in Frameworks */ = {isa = PBXBuildFile; fileRef = D360A89F16EBEE20001B9AF0 /* CoreData.framework */; };
		D36134AE16ED350300AE6B6C /* Transmission-iOS.xcdatamodeld in Sources */ = {isa = PBXBuildFile; fileRef = D36134AC16ED350300AE6B6C /* Transmission-iOS.xcdatamodeld */; };
		D36134B116ED352500AE6B6C /* _BPTorrent.m in Sources */ = {isa = PBXBuildFile; fileRef = D36134B016ED352500AE6B6C /* _BPTorrent.m */; };
		D36134B416ED353200AE6B6C /* BPTorrent.m in Sources */ = {isa = PBXBuildFile; fileRef = D36134B316ED353200AE6B6C /* BPTorrent.m */; };
		D36134B716ED36AB00AE6B6C /* BPTransmissionEngine.m in Sources */ = {isa = PBXBuildFile; fileRef = D36134B616ED36AB00AE6B6C /* BPTransmissionEngine.m */; };
		D385475A178A2688006647C9 /* AFHTTPRequestOperationLogger.m in Sources */ = {isa = PBXBuildFile; fileRef = D3854756178A2688006647C9 /* AFHTTPRequestOperationLogger.m */; };
		D385475B178A2688006647C9 /* AFHTTPRequestOperationLogger.podspec in Resources */ = {isa = PBXBuildFile; fileRef = D3854757178A2688006647C9 /* AFHTTPRequestOperationLogger.podspec */; };
		D385475C178A2688006647C9 /* LICENSE in Resources */ = {isa = PBXBuildFile; fileRef = D3854758178A2688006647C9 /* LICENSE */; };
		D385475D178A2688006647C9 /* README.md in Resources */ = {isa = PBXBuildFile; fileRef = D3854759178A2688006647C9 /* README.md */; };
		D3A49AD916FEA47E00633296 /* NSData+Base64.m in Sources */ = {isa = PBXBuildFile; fileRef = D3A49AD716FEA47E00633296 /* NSData+Base64.m */; settings = {COMPILER_FLAGS = "-fno-objc-arc"; }; };
		D3A49B0A16FEA82F00633296 /* SVProgressHUD.bundle in Resources */ = {isa = PBXBuildFile; fileRef = D3A49B0716FEA82F00633296 /* SVProgressHUD.bundle */; };
		D3A49B0B16FEA82F00633296 /* SVProgressHUD.m in Sources */ = {isa = PBXBuildFile; fileRef = D3A49B0916FEA82F00633296 /* SVProgressHUD.m */; };
		D3A49B0F16FEAC0D00633296 /* NSUserDefaults+Settings.m in Sources */ = {isa = PBXBuildFile; fileRef = D3A49B0E16FEAC0D00633296 /* NSUserDefaults+Settings.m */; };
		D3BFB95416DB1F690052FFA4 /* libBPFoundation.a in Frameworks */ = {isa = PBXBuildFile; fileRef = D3BFB94D16DB1F3C0052FFA4 /* libBPFoundation.a */; };
		D3EC4B7B16E2C1DD006885F8 /* BPTorrentCell.m in Sources */ = {isa = PBXBuildFile; fileRef = D3EC4B7A16E2C1DD006885F8 /* BPTorrentCell.m */; };
/* End PBXBuildFile section */

/* Begin PBXContainerItemProxy section */
		D360A8AA16EBEEAF001B9AF0 /* PBXContainerItemProxy */ = {
			isa = PBXContainerItemProxy;
			containerPortal = D34ACC0C16DA547B00607AD7 /* Project object */;
			proxyType = 1;
			remoteGlobalIDString = D360A8A216EBEE59001B9AF0;
			remoteInfo = Mogenerator;
		};
		D3BFB94C16DB1F3C0052FFA4 /* PBXContainerItemProxy */ = {
			isa = PBXContainerItemProxy;
			containerPortal = D3BFB94816DB1F3C0052FFA4 /* BPFoundation.xcodeproj */;
			proxyType = 2;
			remoteGlobalIDString = D3966E71165D70E100B6D54E;
			remoteInfo = BPFoundation;
		};
		D3BFB95216DB1F650052FFA4 /* PBXContainerItemProxy */ = {
			isa = PBXContainerItemProxy;
			containerPortal = D3BFB94816DB1F3C0052FFA4 /* BPFoundation.xcodeproj */;
			proxyType = 1;
			remoteGlobalIDString = D3966E70165D70E100B6D54E;
			remoteInfo = BPFoundation;
		};
/* End PBXContainerItemProxy section */

/* Begin PBXFileReference section */
		D312BEA716E4318C00BB5CB8 /* PauseHover.png */ = {isa = PBXFileReference; lastKnownFileType = image.png; path = PauseHover.png; sourceTree = "<group>"; };
		D312BEA816E4318C00BB5CB8 /* PauseHover@2x.png */ = {isa = PBXFileReference; lastKnownFileType = image.png; path = "PauseHover@2x.png"; sourceTree = "<group>"; };
		D312BEA916E4318C00BB5CB8 /* PauseOn.png */ = {isa = PBXFileReference; lastKnownFileType = image.png; path = PauseOn.png; sourceTree = "<group>"; };
		D312BEAA16E4318C00BB5CB8 /* PauseOn@2x.png */ = {isa = PBXFileReference; lastKnownFileType = image.png; path = "PauseOn@2x.png"; sourceTree = "<group>"; };
		D312BEAB16E4318C00BB5CB8 /* ResumeHover.png */ = {isa = PBXFileReference; lastKnownFileType = image.png; path = ResumeHover.png; sourceTree = "<group>"; };
		D312BEAC16E4318C00BB5CB8 /* ResumeHover@2x.png */ = {isa = PBXFileReference; lastKnownFileType = image.png; path = "ResumeHover@2x.png"; sourceTree = "<group>"; };
		D312BEAD16E4318C00BB5CB8 /* ResumeOn.png */ = {isa = PBXFileReference; lastKnownFileType = image.png; path = ResumeOn.png; sourceTree = "<group>"; };
		D312BEAE16E4318C00BB5CB8 /* ResumeOn@2x.png */ = {isa = PBXFileReference; lastKnownFileType = image.png; path = "ResumeOn@2x.png"; sourceTree = "<group>"; };
		D34ACC1416DA547C00607AD7 /* Transmission.app */ = {isa = PBXFileReference; explicitFileType = wrapper.application; includeInIndex = 0; path = Transmission.app; sourceTree = BUILT_PRODUCTS_DIR; };
		D34ACC1716DA547C00607AD7 /* UIKit.framework */ = {isa = PBXFileReference; lastKnownFileType = wrapper.framework; name = UIKit.framework; path = System/Library/Frameworks/UIKit.framework; sourceTree = SDKROOT; };
		D34ACC1916DA547C00607AD7 /* Foundation.framework */ = {isa = PBXFileReference; lastKnownFileType = wrapper.framework; name = Foundation.framework; path = System/Library/Frameworks/Foundation.framework; sourceTree = SDKROOT; };
		D34ACC1B16DA547C00607AD7 /* CoreGraphics.framework */ = {isa = PBXFileReference; lastKnownFileType = wrapper.framework; name = CoreGraphics.framework; path = System/Library/Frameworks/CoreGraphics.framework; sourceTree = SDKROOT; };
		D34ACC1F16DA547C00607AD7 /* Transmission-iOS-Info.plist */ = {isa = PBXFileReference; lastKnownFileType = text.plist.xml; path = "Transmission-iOS-Info.plist"; sourceTree = "<group>"; };
		D34ACC2116DA547C00607AD7 /* en */ = {isa = PBXFileReference; lastKnownFileType = text.plist.strings; name = en; path = en.lproj/InfoPlist.strings; sourceTree = "<group>"; };
		D34ACC2316DA547C00607AD7 /* main.m */ = {isa = PBXFileReference; lastKnownFileType = sourcecode.c.objc; path = main.m; sourceTree = "<group>"; };
		D34ACC2516DA547C00607AD7 /* Transmission-iOS-Prefix.pch */ = {isa = PBXFileReference; lastKnownFileType = sourcecode.c.h; path = "Transmission-iOS-Prefix.pch"; sourceTree = "<group>"; };
		D34ACC2616DA547C00607AD7 /* BPAppDelegate.h */ = {isa = PBXFileReference; lastKnownFileType = sourcecode.c.h; path = BPAppDelegate.h; sourceTree = "<group>"; };
		D34ACC2716DA547C00607AD7 /* BPAppDelegate.m */ = {isa = PBXFileReference; lastKnownFileType = sourcecode.c.objc; path = BPAppDelegate.m; sourceTree = "<group>"; };
		D34ACC2916DA547C00607AD7 /* Default.png */ = {isa = PBXFileReference; lastKnownFileType = image.png; path = Default.png; sourceTree = "<group>"; };
		D34ACC2B16DA547C00607AD7 /* Default@2x.png */ = {isa = PBXFileReference; lastKnownFileType = image.png; path = "Default@2x.png"; sourceTree = "<group>"; };
		D34ACC2D16DA547C00607AD7 /* Default-568h@2x.png */ = {isa = PBXFileReference; lastKnownFileType = image.png; path = "Default-568h@2x.png"; sourceTree = "<group>"; };
		D34ACC3616DA560400607AD7 /* AFHTTPClient.h */ = {isa = PBXFileReference; fileEncoding = 4; lastKnownFileType = sourcecode.c.h; path = AFHTTPClient.h; sourceTree = "<group>"; };
		D34ACC3716DA560400607AD7 /* AFHTTPClient.m */ = {isa = PBXFileReference; fileEncoding = 4; lastKnownFileType = sourcecode.c.objc; path = AFHTTPClient.m; sourceTree = "<group>"; };
		D34ACC3816DA560400607AD7 /* AFHTTPRequestOperation.h */ = {isa = PBXFileReference; fileEncoding = 4; lastKnownFileType = sourcecode.c.h; path = AFHTTPRequestOperation.h; sourceTree = "<group>"; };
		D34ACC3916DA560400607AD7 /* AFHTTPRequestOperation.m */ = {isa = PBXFileReference; fileEncoding = 4; lastKnownFileType = sourcecode.c.objc; path = AFHTTPRequestOperation.m; sourceTree = "<group>"; };
		D34ACC3A16DA560400607AD7 /* AFImageRequestOperation.h */ = {isa = PBXFileReference; fileEncoding = 4; lastKnownFileType = sourcecode.c.h; path = AFImageRequestOperation.h; sourceTree = "<group>"; };
		D34ACC3B16DA560400607AD7 /* AFImageRequestOperation.m */ = {isa = PBXFileReference; fileEncoding = 4; lastKnownFileType = sourcecode.c.objc; path = AFImageRequestOperation.m; sourceTree = "<group>"; };
		D34ACC3C16DA560400607AD7 /* AFJSONRequestOperation.h */ = {isa = PBXFileReference; fileEncoding = 4; lastKnownFileType = sourcecode.c.h; path = AFJSONRequestOperation.h; sourceTree = "<group>"; };
		D34ACC3D16DA560400607AD7 /* AFJSONRequestOperation.m */ = {isa = PBXFileReference; fileEncoding = 4; lastKnownFileType = sourcecode.c.objc; path = AFJSONRequestOperation.m; sourceTree = "<group>"; };
		D34ACC3E16DA560400607AD7 /* AFNetworkActivityIndicatorManager.h */ = {isa = PBXFileReference; fileEncoding = 4; lastKnownFileType = sourcecode.c.h; path = AFNetworkActivityIndicatorManager.h; sourceTree = "<group>"; };
		D34ACC3F16DA560400607AD7 /* AFNetworkActivityIndicatorManager.m */ = {isa = PBXFileReference; fileEncoding = 4; lastKnownFileType = sourcecode.c.objc; path = AFNetworkActivityIndicatorManager.m; sourceTree = "<group>"; };
		D34ACC4016DA560400607AD7 /* AFNetworking.h */ = {isa = PBXFileReference; fileEncoding = 4; lastKnownFileType = sourcecode.c.h; path = AFNetworking.h; sourceTree = "<group>"; };
		D34ACC4116DA560400607AD7 /* AFPropertyListRequestOperation.h */ = {isa = PBXFileReference; fileEncoding = 4; lastKnownFileType = sourcecode.c.h; path = AFPropertyListRequestOperation.h; sourceTree = "<group>"; };
		D34ACC4216DA560400607AD7 /* AFPropertyListRequestOperation.m */ = {isa = PBXFileReference; fileEncoding = 4; lastKnownFileType = sourcecode.c.objc; path = AFPropertyListRequestOperation.m; sourceTree = "<group>"; };
		D34ACC4316DA560400607AD7 /* AFURLConnectionOperation.h */ = {isa = PBXFileReference; fileEncoding = 4; lastKnownFileType = sourcecode.c.h; path = AFURLConnectionOperation.h; sourceTree = "<group>"; };
		D34ACC4416DA560400607AD7 /* AFURLConnectionOperation.m */ = {isa = PBXFileReference; fileEncoding = 4; lastKnownFileType = sourcecode.c.objc; path = AFURLConnectionOperation.m; sourceTree = "<group>"; };
		D34ACC4516DA560400607AD7 /* AFXMLRequestOperation.h */ = {isa = PBXFileReference; fileEncoding = 4; lastKnownFileType = sourcecode.c.h; path = AFXMLRequestOperation.h; sourceTree = "<group>"; };
		D34ACC4616DA560400607AD7 /* AFXMLRequestOperation.m */ = {isa = PBXFileReference; fileEncoding = 4; lastKnownFileType = sourcecode.c.objc; path = AFXMLRequestOperation.m; sourceTree = "<group>"; };
		D34ACC4716DA560400607AD7 /* UIImageView+AFNetworking.h */ = {isa = PBXFileReference; fileEncoding = 4; lastKnownFileType = sourcecode.c.h; path = "UIImageView+AFNetworking.h"; sourceTree = "<group>"; };
		D34ACC4816DA560400607AD7 /* UIImageView+AFNetworking.m */ = {isa = PBXFileReference; fileEncoding = 4; lastKnownFileType = sourcecode.c.objc; path = "UIImageView+AFNetworking.m"; sourceTree = "<group>"; };
		D34ACC5216DA561300607AD7 /* MobileCoreServices.framework */ = {isa = PBXFileReference; lastKnownFileType = wrapper.framework; name = MobileCoreServices.framework; path = System/Library/Frameworks/MobileCoreServices.framework; sourceTree = SDKROOT; };
		D34ACC5416DA561800607AD7 /* Security.framework */ = {isa = PBXFileReference; lastKnownFileType = wrapper.framework; name = Security.framework; path = System/Library/Frameworks/Security.framework; sourceTree = SDKROOT; };
		D34ACC5616DA561D00607AD7 /* SystemConfiguration.framework */ = {isa = PBXFileReference; lastKnownFileType = wrapper.framework; name = SystemConfiguration.framework; path = System/Library/Frameworks/SystemConfiguration.framework; sourceTree = SDKROOT; };
		D34ACC5816DA566000607AD7 /* BPTransmissionClient.h */ = {isa = PBXFileReference; fileEncoding = 4; lastKnownFileType = sourcecode.c.h; path = BPTransmissionClient.h; sourceTree = "<group>"; };
		D34ACC5916DA566000607AD7 /* BPTransmissionClient.m */ = {isa = PBXFileReference; fileEncoding = 4; lastKnownFileType = sourcecode.c.objc; path = BPTransmissionClient.m; sourceTree = "<group>"; };
		D34ACC5B16DA5F8E00607AD7 /* BPTorrentTableViewController.h */ = {isa = PBXFileReference; fileEncoding = 4; lastKnownFileType = sourcecode.c.h; path = BPTorrentTableViewController.h; sourceTree = "<group>"; };
		D34ACC5C16DA5F8E00607AD7 /* BPTorrentTableViewController.m */ = {isa = PBXFileReference; fileEncoding = 4; lastKnownFileType = sourcecode.c.objc; path = BPTorrentTableViewController.m; sourceTree = "<group>"; };
		D34C0A5B16E050C500AAFB93 /* BPConnectionViewController.h */ = {isa = PBXFileReference; fileEncoding = 4; lastKnownFileType = sourcecode.c.h; path = BPConnectionViewController.h; sourceTree = "<group>"; };
		D34C0A5C16E050C500AAFB93 /* BPConnectionViewController.m */ = {isa = PBXFileReference; fileEncoding = 4; lastKnownFileType = sourcecode.c.objc; path = BPConnectionViewController.m; sourceTree = "<group>"; };
		D34C0A5D16E050C500AAFB93 /* BPConnectionViewController.xib */ = {isa = PBXFileReference; fileEncoding = 4; lastKnownFileType = file.xib; path = BPConnectionViewController.xib; sourceTree = "<group>"; };
		D34C0A6016E061FB00AAFB93 /* QuartzCore.framework */ = {isa = PBXFileReference; lastKnownFileType = wrapper.framework; name = QuartzCore.framework; path = System/Library/Frameworks/QuartzCore.framework; sourceTree = SDKROOT; };
		D35955F816E4028600C91ACC /* BPTorrentCell.xib */ = {isa = PBXFileReference; fileEncoding = 4; lastKnownFileType = file.xib; path = BPTorrentCell.xib; sourceTree = "<group>"; };
		D35955FA16E40D0C00C91ACC /* UIColor+Progress.h */ = {isa = PBXFileReference; fileEncoding = 4; lastKnownFileType = sourcecode.c.h; path = "UIColor+Progress.h"; sourceTree = "<group>"; };
		D35955FB16E40D0C00C91ACC /* UIColor+Progress.m */ = {isa = PBXFileReference; fileEncoding = 4; lastKnownFileType = sourcecode.c.objc; path = "UIColor+Progress.m"; sourceTree = "<group>"; };
		D35955FD16E40E3C00C91ACC /* BPProgressView.h */ = {isa = PBXFileReference; fileEncoding = 4; lastKnownFileType = sourcecode.c.h; path = BPProgressView.h; sourceTree = "<group>"; };
		D35955FE16E40E3C00C91ACC /* BPProgressView.m */ = {isa = PBXFileReference; fileEncoding = 4; lastKnownFileType = sourcecode.c.objc; path = BPProgressView.m; sourceTree = "<group>"; };
		D360A83416EBE1B9001B9AF0 /* Icon-72.png */ = {isa = PBXFileReference; lastKnownFileType = image.png; path = "Icon-72.png"; sourceTree = "<group>"; };
		D360A83516EBE1B9001B9AF0 /* Icon-72@2x.png */ = {isa = PBXFileReference; lastKnownFileType = image.png; path = "Icon-72@2x.png"; sourceTree = "<group>"; };
		D360A83A16EBE1B9001B9AF0 /* Icon.png */ = {isa = PBXFileReference; lastKnownFileType = image.png; path = Icon.png; sourceTree = "<group>"; };
		D360A83B16EBE1B9001B9AF0 /* Icon@2x.png */ = {isa = PBXFileReference; lastKnownFileType = image.png; path = "Icon@2x.png"; sourceTree = "<group>"; };
		D360A84C16EBEE0D001B9AF0 /* MagicalImportFunctions.h */ = {isa = PBXFileReference; fileEncoding = 4; lastKnownFileType = sourcecode.c.h; path = MagicalImportFunctions.h; sourceTree = "<group>"; };
		D360A84D16EBEE0D001B9AF0 /* MagicalImportFunctions.m */ = {isa = PBXFileReference; fileEncoding = 4; lastKnownFileType = sourcecode.c.objc; path = MagicalImportFunctions.m; sourceTree = "<group>"; };
		D360A84E16EBEE0D001B9AF0 /* NSAttributeDescription+MagicalDataImport.h */ = {isa = PBXFileReference; fileEncoding = 4; lastKnownFileType = sourcecode.c.h; path = "NSAttributeDescription+MagicalDataImport.h"; sourceTree = "<group>"; };
		D360A84F16EBEE0D001B9AF0 /* NSAttributeDescription+MagicalDataImport.m */ = {isa = PBXFileReference; fileEncoding = 4; lastKnownFileType = sourcecode.c.objc; path = "NSAttributeDescription+MagicalDataImport.m"; sourceTree = "<group>"; };
		D360A85016EBEE0D001B9AF0 /* NSEntityDescription+MagicalDataImport.h */ = {isa = PBXFileReference; fileEncoding = 4; lastKnownFileType = sourcecode.c.h; path = "NSEntityDescription+MagicalDataImport.h"; sourceTree = "<group>"; };
		D360A85116EBEE0D001B9AF0 /* NSEntityDescription+MagicalDataImport.m */ = {isa = PBXFileReference; fileEncoding = 4; lastKnownFileType = sourcecode.c.objc; path = "NSEntityDescription+MagicalDataImport.m"; sourceTree = "<group>"; };
		D360A85216EBEE0D001B9AF0 /* NSNumber+MagicalDataImport.h */ = {isa = PBXFileReference; fileEncoding = 4; lastKnownFileType = sourcecode.c.h; path = "NSNumber+MagicalDataImport.h"; sourceTree = "<group>"; };
		D360A85316EBEE0D001B9AF0 /* NSNumber+MagicalDataImport.m */ = {isa = PBXFileReference; fileEncoding = 4; lastKnownFileType = sourcecode.c.objc; path = "NSNumber+MagicalDataImport.m"; sourceTree = "<group>"; };
		D360A85416EBEE0D001B9AF0 /* NSObject+MagicalDataImport.h */ = {isa = PBXFileReference; fileEncoding = 4; lastKnownFileType = sourcecode.c.h; path = "NSObject+MagicalDataImport.h"; sourceTree = "<group>"; };
		D360A85516EBEE0D001B9AF0 /* NSObject+MagicalDataImport.m */ = {isa = PBXFileReference; fileEncoding = 4; lastKnownFileType = sourcecode.c.objc; path = "NSObject+MagicalDataImport.m"; sourceTree = "<group>"; };
		D360A85616EBEE0D001B9AF0 /* NSRelationshipDescription+MagicalDataImport.h */ = {isa = PBXFileReference; fileEncoding = 4; lastKnownFileType = sourcecode.c.h; path = "NSRelationshipDescription+MagicalDataImport.h"; sourceTree = "<group>"; };
		D360A85716EBEE0D001B9AF0 /* NSRelationshipDescription+MagicalDataImport.m */ = {isa = PBXFileReference; fileEncoding = 4; lastKnownFileType = sourcecode.c.objc; path = "NSRelationshipDescription+MagicalDataImport.m"; sourceTree = "<group>"; };
		D360A85816EBEE0D001B9AF0 /* NSString+MagicalDataImport.h */ = {isa = PBXFileReference; fileEncoding = 4; lastKnownFileType = sourcecode.c.h; path = "NSString+MagicalDataImport.h"; sourceTree = "<group>"; };
		D360A85916EBEE0D001B9AF0 /* NSString+MagicalDataImport.m */ = {isa = PBXFileReference; fileEncoding = 4; lastKnownFileType = sourcecode.c.objc; path = "NSString+MagicalDataImport.m"; sourceTree = "<group>"; };
		D360A85B16EBEE0D001B9AF0 /* NSManagedObject+MagicalAggregation.h */ = {isa = PBXFileReference; fileEncoding = 4; lastKnownFileType = sourcecode.c.h; path = "NSManagedObject+MagicalAggregation.h"; sourceTree = "<group>"; };
		D360A85C16EBEE0D001B9AF0 /* NSManagedObject+MagicalAggregation.m */ = {isa = PBXFileReference; fileEncoding = 4; lastKnownFileType = sourcecode.c.objc; path = "NSManagedObject+MagicalAggregation.m"; sourceTree = "<group>"; };
		D360A85D16EBEE0D001B9AF0 /* NSManagedObject+MagicalDataImport.h */ = {isa = PBXFileReference; fileEncoding = 4; lastKnownFileType = sourcecode.c.h; path = "NSManagedObject+MagicalDataImport.h"; sourceTree = "<group>"; };
		D360A85E16EBEE0D001B9AF0 /* NSManagedObject+MagicalDataImport.m */ = {isa = PBXFileReference; fileEncoding = 4; lastKnownFileType = sourcecode.c.objc; path = "NSManagedObject+MagicalDataImport.m"; sourceTree = "<group>"; };
		D360A85F16EBEE0D001B9AF0 /* NSManagedObject+MagicalFinders.h */ = {isa = PBXFileReference; fileEncoding = 4; lastKnownFileType = sourcecode.c.h; path = "NSManagedObject+MagicalFinders.h"; sourceTree = "<group>"; };
		D360A86016EBEE0D001B9AF0 /* NSManagedObject+MagicalFinders.m */ = {isa = PBXFileReference; fileEncoding = 4; lastKnownFileType = sourcecode.c.objc; path = "NSManagedObject+MagicalFinders.m"; sourceTree = "<group>"; };
		D360A86116EBEE0D001B9AF0 /* NSManagedObject+MagicalRecord.h */ = {isa = PBXFileReference; fileEncoding = 4; lastKnownFileType = sourcecode.c.h; path = "NSManagedObject+MagicalRecord.h"; sourceTree = "<group>"; };
		D360A86216EBEE0D001B9AF0 /* NSManagedObject+MagicalRecord.m */ = {isa = PBXFileReference; fileEncoding = 4; lastKnownFileType = sourcecode.c.objc; path = "NSManagedObject+MagicalRecord.m"; sourceTree = "<group>"; };
		D360A86316EBEE0D001B9AF0 /* NSManagedObject+MagicalRequests.h */ = {isa = PBXFileReference; fileEncoding = 4; lastKnownFileType = sourcecode.c.h; path = "NSManagedObject+MagicalRequests.h"; sourceTree = "<group>"; };
		D360A86416EBEE0D001B9AF0 /* NSManagedObject+MagicalRequests.m */ = {isa = PBXFileReference; fileEncoding = 4; lastKnownFileType = sourcecode.c.objc; path = "NSManagedObject+MagicalRequests.m"; sourceTree = "<group>"; };
		D360A86616EBEE0D001B9AF0 /* NSManagedObjectContext+MagicalObserving.h */ = {isa = PBXFileReference; fileEncoding = 4; lastKnownFileType = sourcecode.c.h; path = "NSManagedObjectContext+MagicalObserving.h"; sourceTree = "<group>"; };
		D360A86716EBEE0D001B9AF0 /* NSManagedObjectContext+MagicalObserving.m */ = {isa = PBXFileReference; fileEncoding = 4; lastKnownFileType = sourcecode.c.objc; path = "NSManagedObjectContext+MagicalObserving.m"; sourceTree = "<group>"; };
		D360A86816EBEE0D001B9AF0 /* NSManagedObjectContext+MagicalRecord.h */ = {isa = PBXFileReference; fileEncoding = 4; lastKnownFileType = sourcecode.c.h; path = "NSManagedObjectContext+MagicalRecord.h"; sourceTree = "<group>"; };
		D360A86916EBEE0D001B9AF0 /* NSManagedObjectContext+MagicalRecord.m */ = {isa = PBXFileReference; fileEncoding = 4; lastKnownFileType = sourcecode.c.objc; path = "NSManagedObjectContext+MagicalRecord.m"; sourceTree = "<group>"; };
		D360A86A16EBEE0D001B9AF0 /* NSManagedObjectContext+MagicalSaves.h */ = {isa = PBXFileReference; fileEncoding = 4; lastKnownFileType = sourcecode.c.h; path = "NSManagedObjectContext+MagicalSaves.h"; sourceTree = "<group>"; };
		D360A86B16EBEE0D001B9AF0 /* NSManagedObjectContext+MagicalSaves.m */ = {isa = PBXFileReference; fileEncoding = 4; lastKnownFileType = sourcecode.c.objc; path = "NSManagedObjectContext+MagicalSaves.m"; sourceTree = "<group>"; };
		D360A86C16EBEE0D001B9AF0 /* NSManagedObjectContext+MagicalThreading.h */ = {isa = PBXFileReference; fileEncoding = 4; lastKnownFileType = sourcecode.c.h; path = "NSManagedObjectContext+MagicalThreading.h"; sourceTree = "<group>"; };
		D360A86D16EBEE0D001B9AF0 /* NSManagedObjectContext+MagicalThreading.m */ = {isa = PBXFileReference; fileEncoding = 4; lastKnownFileType = sourcecode.c.objc; path = "NSManagedObjectContext+MagicalThreading.m"; sourceTree = "<group>"; };
		D360A86E16EBEE0D001B9AF0 /* NSManagedObjectModel+MagicalRecord.h */ = {isa = PBXFileReference; fileEncoding = 4; lastKnownFileType = sourcecode.c.h; path = "NSManagedObjectModel+MagicalRecord.h"; sourceTree = "<group>"; };
		D360A86F16EBEE0D001B9AF0 /* NSManagedObjectModel+MagicalRecord.m */ = {isa = PBXFileReference; fileEncoding = 4; lastKnownFileType = sourcecode.c.objc; path = "NSManagedObjectModel+MagicalRecord.m"; sourceTree = "<group>"; };
		D360A87016EBEE0D001B9AF0 /* NSPersistentStore+MagicalRecord.h */ = {isa = PBXFileReference; fileEncoding = 4; lastKnownFileType = sourcecode.c.h; path = "NSPersistentStore+MagicalRecord.h"; sourceTree = "<group>"; };
		D360A87116EBEE0D001B9AF0 /* NSPersistentStore+MagicalRecord.m */ = {isa = PBXFileReference; fileEncoding = 4; lastKnownFileType = sourcecode.c.objc; path = "NSPersistentStore+MagicalRecord.m"; sourceTree = "<group>"; };
		D360A87216EBEE0D001B9AF0 /* NSPersistentStoreCoordinator+MagicalRecord.h */ = {isa = PBXFileReference; fileEncoding = 4; lastKnownFileType = sourcecode.c.h; path = "NSPersistentStoreCoordinator+MagicalRecord.h"; sourceTree = "<group>"; };
		D360A87316EBEE0D001B9AF0 /* NSPersistentStoreCoordinator+MagicalRecord.m */ = {isa = PBXFileReference; fileEncoding = 4; lastKnownFileType = sourcecode.c.objc; path = "NSPersistentStoreCoordinator+MagicalRecord.m"; sourceTree = "<group>"; };
		D360A87516EBEE0D001B9AF0 /* MagicalRecord+Actions.h */ = {isa = PBXFileReference; fileEncoding = 4; lastKnownFileType = sourcecode.c.h; path = "MagicalRecord+Actions.h"; sourceTree = "<group>"; };
		D360A87616EBEE0D001B9AF0 /* MagicalRecord+Actions.m */ = {isa = PBXFileReference; fileEncoding = 4; lastKnownFileType = sourcecode.c.objc; path = "MagicalRecord+Actions.m"; sourceTree = "<group>"; };
		D360A87716EBEE0D001B9AF0 /* MagicalRecord+ErrorHandling.h */ = {isa = PBXFileReference; fileEncoding = 4; lastKnownFileType = sourcecode.c.h; path = "MagicalRecord+ErrorHandling.h"; sourceTree = "<group>"; };
		D360A87816EBEE0D001B9AF0 /* MagicalRecord+ErrorHandling.m */ = {isa = PBXFileReference; fileEncoding = 4; lastKnownFileType = sourcecode.c.objc; path = "MagicalRecord+ErrorHandling.m"; sourceTree = "<group>"; };
		D360A87916EBEE0D001B9AF0 /* MagicalRecord+iCloud.h */ = {isa = PBXFileReference; fileEncoding = 4; lastKnownFileType = sourcecode.c.h; path = "MagicalRecord+iCloud.h"; sourceTree = "<group>"; };
		D360A87A16EBEE0D001B9AF0 /* MagicalRecord+iCloud.m */ = {isa = PBXFileReference; fileEncoding = 4; lastKnownFileType = sourcecode.c.objc; path = "MagicalRecord+iCloud.m"; sourceTree = "<group>"; };
		D360A87B16EBEE0D001B9AF0 /* MagicalRecord+Options.h */ = {isa = PBXFileReference; fileEncoding = 4; lastKnownFileType = sourcecode.c.h; path = "MagicalRecord+Options.h"; sourceTree = "<group>"; };
		D360A87C16EBEE0D001B9AF0 /* MagicalRecord+Options.m */ = {isa = PBXFileReference; fileEncoding = 4; lastKnownFileType = sourcecode.c.objc; path = "MagicalRecord+Options.m"; sourceTree = "<group>"; };
		D360A87D16EBEE0D001B9AF0 /* MagicalRecord+Setup.h */ = {isa = PBXFileReference; fileEncoding = 4; lastKnownFileType = sourcecode.c.h; path = "MagicalRecord+Setup.h"; sourceTree = "<group>"; };
		D360A87E16EBEE0D001B9AF0 /* MagicalRecord+Setup.m */ = {isa = PBXFileReference; fileEncoding = 4; lastKnownFileType = sourcecode.c.objc; path = "MagicalRecord+Setup.m"; sourceTree = "<group>"; };
		D360A87F16EBEE0D001B9AF0 /* MagicalRecord+ShorthandSupport.h */ = {isa = PBXFileReference; fileEncoding = 4; lastKnownFileType = sourcecode.c.h; path = "MagicalRecord+ShorthandSupport.h"; sourceTree = "<group>"; };
		D360A88016EBEE0D001B9AF0 /* MagicalRecord+ShorthandSupport.m */ = {isa = PBXFileReference; fileEncoding = 4; lastKnownFileType = sourcecode.c.objc; path = "MagicalRecord+ShorthandSupport.m"; sourceTree = "<group>"; };
		D360A88116EBEE0D001B9AF0 /* MagicalRecord.h */ = {isa = PBXFileReference; fileEncoding = 4; lastKnownFileType = sourcecode.c.h; path = MagicalRecord.h; sourceTree = "<group>"; };
		D360A88216EBEE0D001B9AF0 /* MagicalRecord.m */ = {isa = PBXFileReference; fileEncoding = 4; lastKnownFileType = sourcecode.c.objc; path = MagicalRecord.m; sourceTree = "<group>"; };
		D360A88316EBEE0D001B9AF0 /* MagicalRecordShorthand.h */ = {isa = PBXFileReference; fileEncoding = 4; lastKnownFileType = sourcecode.c.h; path = MagicalRecordShorthand.h; sourceTree = "<group>"; };
		D360A88416EBEE0D001B9AF0 /* CoreData+MagicalRecord.h */ = {isa = PBXFileReference; fileEncoding = 4; lastKnownFileType = sourcecode.c.h; path = "CoreData+MagicalRecord.h"; sourceTree = "<group>"; };
		D360A89F16EBEE20001B9AF0 /* CoreData.framework */ = {isa = PBXFileReference; lastKnownFileType = wrapper.framework; name = CoreData.framework; path = System/Library/Frameworks/CoreData.framework; sourceTree = SDKROOT; };
		D36134AD16ED350300AE6B6C /* Transmission-iOS.xcdatamodel */ = {isa = PBXFileReference; lastKnownFileType = wrapper.xcdatamodel; path = "Transmission-iOS.xcdatamodel"; sourceTree = "<group>"; };
		D36134AF16ED352500AE6B6C /* _BPTorrent.h */ = {isa = PBXFileReference; fileEncoding = 4; lastKnownFileType = sourcecode.c.h; path = _BPTorrent.h; sourceTree = "<group>"; };
		D36134B016ED352500AE6B6C /* _BPTorrent.m */ = {isa = PBXFileReference; fileEncoding = 4; lastKnownFileType = sourcecode.c.objc; path = _BPTorrent.m; sourceTree = "<group>"; };
		D36134B216ED353200AE6B6C /* BPTorrent.h */ = {isa = PBXFileReference; fileEncoding = 4; lastKnownFileType = sourcecode.c.h; path = BPTorrent.h; sourceTree = "<group>"; };
		D36134B316ED353200AE6B6C /* BPTorrent.m */ = {isa = PBXFileReference; fileEncoding = 4; lastKnownFileType = sourcecode.c.objc; path = BPTorrent.m; sourceTree = "<group>"; };
		D36134B516ED36AB00AE6B6C /* BPTransmissionEngine.h */ = {isa = PBXFileReference; fileEncoding = 4; lastKnownFileType = sourcecode.c.h; path = BPTransmissionEngine.h; sourceTree = "<group>"; };
		D36134B616ED36AB00AE6B6C /* BPTransmissionEngine.m */ = {isa = PBXFileReference; fileEncoding = 4; lastKnownFileType = sourcecode.c.objc; path = BPTransmissionEngine.m; sourceTree = "<group>"; };
		D3854755178A2688006647C9 /* AFHTTPRequestOperationLogger.h */ = {isa = PBXFileReference; fileEncoding = 4; lastKnownFileType = sourcecode.c.h; path = AFHTTPRequestOperationLogger.h; sourceTree = "<group>"; };
		D3854756178A2688006647C9 /* AFHTTPRequestOperationLogger.m */ = {isa = PBXFileReference; fileEncoding = 4; lastKnownFileType = sourcecode.c.objc; path = AFHTTPRequestOperationLogger.m; sourceTree = "<group>"; };
		D3854757178A2688006647C9 /* AFHTTPRequestOperationLogger.podspec */ = {isa = PBXFileReference; fileEncoding = 4; lastKnownFileType = text; path = AFHTTPRequestOperationLogger.podspec; sourceTree = "<group>"; };
		D3854758178A2688006647C9 /* LICENSE */ = {isa = PBXFileReference; fileEncoding = 4; lastKnownFileType = text; path = LICENSE; sourceTree = "<group>"; };
		D3854759178A2688006647C9 /* README.md */ = {isa = PBXFileReference; fileEncoding = 4; lastKnownFileType = text; path = README.md; sourceTree = "<group>"; };
		D38698B116E2A01300EDCC43 /* transmission.h */ = {isa = PBXFileReference; fileEncoding = 4; lastKnownFileType = sourcecode.c.h; path = transmission.h; sourceTree = "<group>"; };
		D3A49AD616FEA47E00633296 /* NSData+Base64.h */ = {isa = PBXFileReference; fileEncoding = 4; lastKnownFileType = sourcecode.c.h; path = "NSData+Base64.h"; sourceTree = "<group>"; };
		D3A49AD716FEA47E00633296 /* NSData+Base64.m */ = {isa = PBXFileReference; fileEncoding = 4; lastKnownFileType = sourcecode.c.objc; path = "NSData+Base64.m"; sourceTree = "<group>"; };
		D3A49B0716FEA82F00633296 /* SVProgressHUD.bundle */ = {isa = PBXFileReference; lastKnownFileType = "wrapper.plug-in"; path = SVProgressHUD.bundle; sourceTree = "<group>"; };
		D3A49B0816FEA82F00633296 /* SVProgressHUD.h */ = {isa = PBXFileReference; fileEncoding = 4; lastKnownFileType = sourcecode.c.h; path = SVProgressHUD.h; sourceTree = "<group>"; };
		D3A49B0916FEA82F00633296 /* SVProgressHUD.m */ = {isa = PBXFileReference; fileEncoding = 4; lastKnownFileType = sourcecode.c.objc; path = SVProgressHUD.m; sourceTree = "<group>"; };
		D3A49B0D16FEAC0D00633296 /* NSUserDefaults+Settings.h */ = {isa = PBXFileReference; fileEncoding = 4; lastKnownFileType = sourcecode.c.h; path = "NSUserDefaults+Settings.h"; sourceTree = "<group>"; };
		D3A49B0E16FEAC0D00633296 /* NSUserDefaults+Settings.m */ = {isa = PBXFileReference; fileEncoding = 4; lastKnownFileType = sourcecode.c.objc; path = "NSUserDefaults+Settings.m"; sourceTree = "<group>"; };
		D3BFB94816DB1F3C0052FFA4 /* BPFoundation.xcodeproj */ = {isa = PBXFileReference; lastKnownFileType = "wrapper.pb-project"; name = BPFoundation.xcodeproj; path = 3rdParty/BPFoundation/BPFoundation.xcodeproj; sourceTree = "<group>"; };
		D3EC4B7916E2C1DD006885F8 /* BPTorrentCell.h */ = {isa = PBXFileReference; fileEncoding = 4; lastKnownFileType = sourcecode.c.h; path = BPTorrentCell.h; sourceTree = "<group>"; };
		D3EC4B7A16E2C1DD006885F8 /* BPTorrentCell.m */ = {isa = PBXFileReference; fileEncoding = 4; lastKnownFileType = sourcecode.c.objc; path = BPTorrentCell.m; sourceTree = "<group>"; };
/* End PBXFileReference section */

/* Begin PBXFrameworksBuildPhase section */
		D34ACC1116DA547B00607AD7 /* Frameworks */ = {
			isa = PBXFrameworksBuildPhase;
			buildActionMask = 2147483647;
			files = (
				D360A8A016EBEE20001B9AF0 /* CoreData.framework in Frameworks */,
				D34C0A6116E061FB00AAFB93 /* QuartzCore.framework in Frameworks */,
				D3BFB95416DB1F690052FFA4 /* libBPFoundation.a in Frameworks */,
				D34ACC5716DA561D00607AD7 /* SystemConfiguration.framework in Frameworks */,
				D34ACC5516DA561800607AD7 /* Security.framework in Frameworks */,
				D34ACC5316DA561300607AD7 /* MobileCoreServices.framework in Frameworks */,
				D34ACC1816DA547C00607AD7 /* UIKit.framework in Frameworks */,
				D34ACC1A16DA547C00607AD7 /* Foundation.framework in Frameworks */,
				D34ACC1C16DA547C00607AD7 /* CoreGraphics.framework in Frameworks */,
			);
			runOnlyForDeploymentPostprocessing = 0;
		};
/* End PBXFrameworksBuildPhase section */

/* Begin PBXGroup section */
		D312BEA616E4318C00BB5CB8 /* Images */ = {
			isa = PBXGroup;
			children = (
				D312BEA716E4318C00BB5CB8 /* PauseHover.png */,
				D312BEA816E4318C00BB5CB8 /* PauseHover@2x.png */,
				D312BEA916E4318C00BB5CB8 /* PauseOn.png */,
				D312BEAA16E4318C00BB5CB8 /* PauseOn@2x.png */,
				D312BEAB16E4318C00BB5CB8 /* ResumeHover.png */,
				D312BEAC16E4318C00BB5CB8 /* ResumeHover@2x.png */,
				D312BEAD16E4318C00BB5CB8 /* ResumeOn.png */,
				D312BEAE16E4318C00BB5CB8 /* ResumeOn@2x.png */,
			);
			path = Images;
			sourceTree = "<group>";
		};
		D34ACC0B16DA547B00607AD7 = {
			isa = PBXGroup;
			children = (
				D34ACC3416DA548B00607AD7 /* 3rdParty */,
				D34ACC1D16DA547C00607AD7 /* Transmission-iOS */,
				D34ACC1616DA547C00607AD7 /* Frameworks */,
				D34ACC1516DA547C00607AD7 /* Products */,
			);
			sourceTree = "<group>";
		};
		D34ACC1516DA547C00607AD7 /* Products */ = {
			isa = PBXGroup;
			children = (
				D34ACC1416DA547C00607AD7 /* Transmission.app */,
			);
			name = Products;
			sourceTree = "<group>";
		};
		D34ACC1616DA547C00607AD7 /* Frameworks */ = {
			isa = PBXGroup;
			children = (
				D360A89F16EBEE20001B9AF0 /* CoreData.framework */,
				D34C0A6016E061FB00AAFB93 /* QuartzCore.framework */,
				D34ACC5616DA561D00607AD7 /* SystemConfiguration.framework */,
				D34ACC5416DA561800607AD7 /* Security.framework */,
				D34ACC5216DA561300607AD7 /* MobileCoreServices.framework */,
				D34ACC1716DA547C00607AD7 /* UIKit.framework */,
				D34ACC1916DA547C00607AD7 /* Foundation.framework */,
				D34ACC1B16DA547C00607AD7 /* CoreGraphics.framework */,
			);
			name = Frameworks;
			sourceTree = "<group>";
		};
		D34ACC1D16DA547C00607AD7 /* Transmission-iOS */ = {
			isa = PBXGroup;
			children = (
				D3A49B0C16FEABFE00633296 /* Categories */,
				D38D328716E0760300E5496D /* Clients */,
				D34C0A5A16E050A200AAFB93 /* Controllers */,
				D38D328616E075F000E5496D /* Views */,
				D360A8AC16EBEFD0001B9AF0 /* Model */,
				D34ACC2616DA547C00607AD7 /* BPAppDelegate.h */,
				D34ACC2716DA547C00607AD7 /* BPAppDelegate.m */,
				D34ACC1E16DA547C00607AD7 /* Supporting Files */,
				D35955FA16E40D0C00C91ACC /* UIColor+Progress.h */,
				D35955FB16E40D0C00C91ACC /* UIColor+Progress.m */,
				D360A83116EBE1B9001B9AF0 /* Resources */,
			);
			path = "Transmission-iOS";
			sourceTree = "<group>";
		};
		D34ACC1E16DA547C00607AD7 /* Supporting Files */ = {
			isa = PBXGroup;
			children = (
				D34ACC1F16DA547C00607AD7 /* Transmission-iOS-Info.plist */,
				D34ACC2016DA547C00607AD7 /* InfoPlist.strings */,
				D34ACC2316DA547C00607AD7 /* main.m */,
				D34ACC2516DA547C00607AD7 /* Transmission-iOS-Prefix.pch */,
				D34ACC2916DA547C00607AD7 /* Default.png */,
				D34ACC2B16DA547C00607AD7 /* Default@2x.png */,
				D34ACC2D16DA547C00607AD7 /* Default-568h@2x.png */,
			);
			name = "Supporting Files";
			sourceTree = "<group>";
		};
		D34ACC3416DA548B00607AD7 /* 3rdParty */ = {
			isa = PBXGroup;
			children = (
				D34ACC3516DA560400607AD7 /* AFNetworking */,
				D3854754178A2688006647C9 /* AFHTTPRequestOperationLogger */,
				D3BFB94816DB1F3C0052FFA4 /* BPFoundation.xcodeproj */,
				D360A84916EBEE0D001B9AF0 /* MagicalRecord */,
				D3A49AD516FEA47E00633296 /* NSData-Base64 */,
				D3A49B0616FEA82F00633296 /* SVProgressHUD */,
				D38698AF16E2A01300EDCC43 /* transmission */,
			);
			name = 3rdParty;
			sourceTree = "<group>";
		};
		D34ACC3516DA560400607AD7 /* AFNetworking */ = {
			isa = PBXGroup;
			children = (
				D34ACC3616DA560400607AD7 /* AFHTTPClient.h */,
				D34ACC3716DA560400607AD7 /* AFHTTPClient.m */,
				D34ACC3816DA560400607AD7 /* AFHTTPRequestOperation.h */,
				D34ACC3916DA560400607AD7 /* AFHTTPRequestOperation.m */,
				D34ACC3A16DA560400607AD7 /* AFImageRequestOperation.h */,
				D34ACC3B16DA560400607AD7 /* AFImageRequestOperation.m */,
				D34ACC3C16DA560400607AD7 /* AFJSONRequestOperation.h */,
				D34ACC3D16DA560400607AD7 /* AFJSONRequestOperation.m */,
				D34ACC3E16DA560400607AD7 /* AFNetworkActivityIndicatorManager.h */,
				D34ACC3F16DA560400607AD7 /* AFNetworkActivityIndicatorManager.m */,
				D34ACC4016DA560400607AD7 /* AFNetworking.h */,
				D34ACC4116DA560400607AD7 /* AFPropertyListRequestOperation.h */,
				D34ACC4216DA560400607AD7 /* AFPropertyListRequestOperation.m */,
				D34ACC4316DA560400607AD7 /* AFURLConnectionOperation.h */,
				D34ACC4416DA560400607AD7 /* AFURLConnectionOperation.m */,
				D34ACC4516DA560400607AD7 /* AFXMLRequestOperation.h */,
				D34ACC4616DA560400607AD7 /* AFXMLRequestOperation.m */,
				D34ACC4716DA560400607AD7 /* UIImageView+AFNetworking.h */,
				D34ACC4816DA560400607AD7 /* UIImageView+AFNetworking.m */,
			);
			name = AFNetworking;
			path = 3rdParty/AFNetworking/AFNetworking;
			sourceTree = "<group>";
		};
		D34C0A5A16E050A200AAFB93 /* Controllers */ = {
			isa = PBXGroup;
			children = (
				D34C0A5B16E050C500AAFB93 /* BPConnectionViewController.h */,
				D34C0A5C16E050C500AAFB93 /* BPConnectionViewController.m */,
				D34ACC5B16DA5F8E00607AD7 /* BPTorrentTableViewController.h */,
				D34ACC5C16DA5F8E00607AD7 /* BPTorrentTableViewController.m */,
			);
			name = Controllers;
			sourceTree = "<group>";
		};
		D360A83116EBE1B9001B9AF0 /* Resources */ = {
			isa = PBXGroup;
			children = (
				D360A83216EBE1B9001B9AF0 /* Icon */,
			);
			path = Resources;
			sourceTree = SOURCE_ROOT;
		};
		D360A83216EBE1B9001B9AF0 /* Icon */ = {
			isa = PBXGroup;
			children = (
				D360A83416EBE1B9001B9AF0 /* Icon-72.png */,
				D360A83516EBE1B9001B9AF0 /* Icon-72@2x.png */,
				D360A83A16EBE1B9001B9AF0 /* Icon.png */,
				D360A83B16EBE1B9001B9AF0 /* Icon@2x.png */,
			);
			path = Icon;
			sourceTree = "<group>";
		};
		D360A84916EBEE0D001B9AF0 /* MagicalRecord */ = {
			isa = PBXGroup;
			children = (
				D360A84A16EBEE0D001B9AF0 /* Categories */,
				D360A87416EBEE0D001B9AF0 /* Core */,
				D360A88416EBEE0D001B9AF0 /* CoreData+MagicalRecord.h */,
			);
			name = MagicalRecord;
			path = 3rdParty/MagicalRecord/MagicalRecord;
			sourceTree = "<group>";
		};
		D360A84A16EBEE0D001B9AF0 /* Categories */ = {
			isa = PBXGroup;
			children = (
				D360A84B16EBEE0D001B9AF0 /* DataImport */,
				D360A85A16EBEE0D001B9AF0 /* NSManagedObject */,
				D360A86516EBEE0D001B9AF0 /* NSManagedObjectContext */,
				D360A86E16EBEE0D001B9AF0 /* NSManagedObjectModel+MagicalRecord.h */,
				D360A86F16EBEE0D001B9AF0 /* NSManagedObjectModel+MagicalRecord.m */,
				D360A87016EBEE0D001B9AF0 /* NSPersistentStore+MagicalRecord.h */,
				D360A87116EBEE0D001B9AF0 /* NSPersistentStore+MagicalRecord.m */,
				D360A87216EBEE0D001B9AF0 /* NSPersistentStoreCoordinator+MagicalRecord.h */,
				D360A87316EBEE0D001B9AF0 /* NSPersistentStoreCoordinator+MagicalRecord.m */,
			);
			path = Categories;
			sourceTree = "<group>";
		};
		D360A84B16EBEE0D001B9AF0 /* DataImport */ = {
			isa = PBXGroup;
			children = (
				D360A84C16EBEE0D001B9AF0 /* MagicalImportFunctions.h */,
				D360A84D16EBEE0D001B9AF0 /* MagicalImportFunctions.m */,
				D360A84E16EBEE0D001B9AF0 /* NSAttributeDescription+MagicalDataImport.h */,
				D360A84F16EBEE0D001B9AF0 /* NSAttributeDescription+MagicalDataImport.m */,
				D360A85016EBEE0D001B9AF0 /* NSEntityDescription+MagicalDataImport.h */,
				D360A85116EBEE0D001B9AF0 /* NSEntityDescription+MagicalDataImport.m */,
				D360A85216EBEE0D001B9AF0 /* NSNumber+MagicalDataImport.h */,
				D360A85316EBEE0D001B9AF0 /* NSNumber+MagicalDataImport.m */,
				D360A85416EBEE0D001B9AF0 /* NSObject+MagicalDataImport.h */,
				D360A85516EBEE0D001B9AF0 /* NSObject+MagicalDataImport.m */,
				D360A85616EBEE0D001B9AF0 /* NSRelationshipDescription+MagicalDataImport.h */,
				D360A85716EBEE0D001B9AF0 /* NSRelationshipDescription+MagicalDataImport.m */,
				D360A85816EBEE0D001B9AF0 /* NSString+MagicalDataImport.h */,
				D360A85916EBEE0D001B9AF0 /* NSString+MagicalDataImport.m */,
			);
			path = DataImport;
			sourceTree = "<group>";
		};
		D360A85A16EBEE0D001B9AF0 /* NSManagedObject */ = {
			isa = PBXGroup;
			children = (
				D360A85B16EBEE0D001B9AF0 /* NSManagedObject+MagicalAggregation.h */,
				D360A85C16EBEE0D001B9AF0 /* NSManagedObject+MagicalAggregation.m */,
				D360A85D16EBEE0D001B9AF0 /* NSManagedObject+MagicalDataImport.h */,
				D360A85E16EBEE0D001B9AF0 /* NSManagedObject+MagicalDataImport.m */,
				D360A85F16EBEE0D001B9AF0 /* NSManagedObject+MagicalFinders.h */,
				D360A86016EBEE0D001B9AF0 /* NSManagedObject+MagicalFinders.m */,
				D360A86116EBEE0D001B9AF0 /* NSManagedObject+MagicalRecord.h */,
				D360A86216EBEE0D001B9AF0 /* NSManagedObject+MagicalRecord.m */,
				D360A86316EBEE0D001B9AF0 /* NSManagedObject+MagicalRequests.h */,
				D360A86416EBEE0D001B9AF0 /* NSManagedObject+MagicalRequests.m */,
			);
			path = NSManagedObject;
			sourceTree = "<group>";
		};
		D360A86516EBEE0D001B9AF0 /* NSManagedObjectContext */ = {
			isa = PBXGroup;
			children = (
				D360A86616EBEE0D001B9AF0 /* NSManagedObjectContext+MagicalObserving.h */,
				D360A86716EBEE0D001B9AF0 /* NSManagedObjectContext+MagicalObserving.m */,
				D360A86816EBEE0D001B9AF0 /* NSManagedObjectContext+MagicalRecord.h */,
				D360A86916EBEE0D001B9AF0 /* NSManagedObjectContext+MagicalRecord.m */,
				D360A86A16EBEE0D001B9AF0 /* NSManagedObjectContext+MagicalSaves.h */,
				D360A86B16EBEE0D001B9AF0 /* NSManagedObjectContext+MagicalSaves.m */,
				D360A86C16EBEE0D001B9AF0 /* NSManagedObjectContext+MagicalThreading.h */,
				D360A86D16EBEE0D001B9AF0 /* NSManagedObjectContext+MagicalThreading.m */,
			);
			path = NSManagedObjectContext;
			sourceTree = "<group>";
		};
		D360A87416EBEE0D001B9AF0 /* Core */ = {
			isa = PBXGroup;
			children = (
				D360A87516EBEE0D001B9AF0 /* MagicalRecord+Actions.h */,
				D360A87616EBEE0D001B9AF0 /* MagicalRecord+Actions.m */,
				D360A87716EBEE0D001B9AF0 /* MagicalRecord+ErrorHandling.h */,
				D360A87816EBEE0D001B9AF0 /* MagicalRecord+ErrorHandling.m */,
				D360A87916EBEE0D001B9AF0 /* MagicalRecord+iCloud.h */,
				D360A87A16EBEE0D001B9AF0 /* MagicalRecord+iCloud.m */,
				D360A87B16EBEE0D001B9AF0 /* MagicalRecord+Options.h */,
				D360A87C16EBEE0D001B9AF0 /* MagicalRecord+Options.m */,
				D360A87D16EBEE0D001B9AF0 /* MagicalRecord+Setup.h */,
				D360A87E16EBEE0D001B9AF0 /* MagicalRecord+Setup.m */,
				D360A87F16EBEE0D001B9AF0 /* MagicalRecord+ShorthandSupport.h */,
				D360A88016EBEE0D001B9AF0 /* MagicalRecord+ShorthandSupport.m */,
				D360A88116EBEE0D001B9AF0 /* MagicalRecord.h */,
				D360A88216EBEE0D001B9AF0 /* MagicalRecord.m */,
				D360A88316EBEE0D001B9AF0 /* MagicalRecordShorthand.h */,
			);
			path = Core;
			sourceTree = "<group>";
		};
		D360A8AC16EBEFD0001B9AF0 /* Model */ = {
			isa = PBXGroup;
			children = (
				D360A8AD16EBEFD9001B9AF0 /* Generated */,
				D36134B216ED353200AE6B6C /* BPTorrent.h */,
				D36134B316ED353200AE6B6C /* BPTorrent.m */,
				D36134AC16ED350300AE6B6C /* Transmission-iOS.xcdatamodeld */,
			);
			name = Model;
			sourceTree = "<group>";
		};
		D360A8AD16EBEFD9001B9AF0 /* Generated */ = {
			isa = PBXGroup;
			children = (
				D36134AF16ED352500AE6B6C /* _BPTorrent.h */,
				D36134B016ED352500AE6B6C /* _BPTorrent.m */,
			);
			name = Generated;
			sourceTree = "<group>";
		};
		D3854754178A2688006647C9 /* AFHTTPRequestOperationLogger */ = {
			isa = PBXGroup;
			children = (
				D3854755178A2688006647C9 /* AFHTTPRequestOperationLogger.h */,
				D3854756178A2688006647C9 /* AFHTTPRequestOperationLogger.m */,
				D3854757178A2688006647C9 /* AFHTTPRequestOperationLogger.podspec */,
				D3854758178A2688006647C9 /* LICENSE */,
				D3854759178A2688006647C9 /* README.md */,
			);
			name = AFHTTPRequestOperationLogger;
			path = 3rdParty/AFHTTPRequestOperationLogger;
			sourceTree = "<group>";
		};
		D38698AF16E2A01300EDCC43 /* transmission */ = {
			isa = PBXGroup;
			children = (
				D38698B016E2A01300EDCC43 /* libtransmission */,
				D38698B216E2A01300EDCC43 /* macosx */,
			);
			name = transmission;
			path = 3rdParty/transmission;
			sourceTree = "<group>";
		};
		D38698B016E2A01300EDCC43 /* libtransmission */ = {
			isa = PBXGroup;
			children = (
				D38698B116E2A01300EDCC43 /* transmission.h */,
			);
			path = libtransmission;
			sourceTree = "<group>";
		};
		D38698B216E2A01300EDCC43 /* macosx */ = {
			isa = PBXGroup;
			children = (
				D312BEA616E4318C00BB5CB8 /* Images */,
			);
			path = macosx;
			sourceTree = "<group>";
		};
		D38D328616E075F000E5496D /* Views */ = {
			isa = PBXGroup;
			children = (
				D34C0A5D16E050C500AAFB93 /* BPConnectionViewController.xib */,
				D3EC4B7916E2C1DD006885F8 /* BPTorrentCell.h */,
				D3EC4B7A16E2C1DD006885F8 /* BPTorrentCell.m */,
				D35955F816E4028600C91ACC /* BPTorrentCell.xib */,
				D35955FD16E40E3C00C91ACC /* BPProgressView.h */,
				D35955FE16E40E3C00C91ACC /* BPProgressView.m */,
			);
			name = Views;
			sourceTree = "<group>";
		};
		D38D328716E0760300E5496D /* Clients */ = {
			isa = PBXGroup;
			children = (
				D34ACC5816DA566000607AD7 /* BPTransmissionClient.h */,
				D34ACC5916DA566000607AD7 /* BPTransmissionClient.m */,
				D36134B516ED36AB00AE6B6C /* BPTransmissionEngine.h */,
				D36134B616ED36AB00AE6B6C /* BPTransmissionEngine.m */,
			);
			name = Clients;
			sourceTree = "<group>";
		};
		D3A49AD516FEA47E00633296 /* NSData-Base64 */ = {
			isa = PBXGroup;
			children = (
				D3A49AD616FEA47E00633296 /* NSData+Base64.h */,
				D3A49AD716FEA47E00633296 /* NSData+Base64.m */,
			);
			name = "NSData-Base64";
			path = "3rdParty/NSData-Base64";
			sourceTree = "<group>";
		};
		D3A49B0616FEA82F00633296 /* SVProgressHUD */ = {
			isa = PBXGroup;
			children = (
				D3A49B0716FEA82F00633296 /* SVProgressHUD.bundle */,
				D3A49B0816FEA82F00633296 /* SVProgressHUD.h */,
				D3A49B0916FEA82F00633296 /* SVProgressHUD.m */,
			);
			name = SVProgressHUD;
			path = 3rdParty/SVProgressHUD/SVProgressHUD;
			sourceTree = "<group>";
		};
		D3A49B0C16FEABFE00633296 /* Categories */ = {
			isa = PBXGroup;
			children = (
				D3A49B0D16FEAC0D00633296 /* NSUserDefaults+Settings.h */,
				D3A49B0E16FEAC0D00633296 /* NSUserDefaults+Settings.m */,
			);
			name = Categories;
			sourceTree = "<group>";
		};
		D3BFB94916DB1F3C0052FFA4 /* Products */ = {
			isa = PBXGroup;
			children = (
				D3BFB94D16DB1F3C0052FFA4 /* libBPFoundation.a */,
			);
			name = Products;
			sourceTree = "<group>";
		};
/* End PBXGroup section */

/* Begin PBXNativeTarget section */
		D34ACC1316DA547B00607AD7 /* Transmission */ = {
			isa = PBXNativeTarget;
			buildConfigurationList = D34ACC3116DA547C00607AD7 /* Build configuration list for PBXNativeTarget "Transmission" */;
			buildPhases = (
				D34ACC1016DA547B00607AD7 /* Sources */,
				D34ACC1116DA547B00607AD7 /* Frameworks */,
				D34ACC1216DA547B00607AD7 /* Resources */,
			);
			buildRules = (
			);
			dependencies = (
				D360A8AB16EBEEAF001B9AF0 /* PBXTargetDependency */,
				D3BFB95316DB1F650052FFA4 /* PBXTargetDependency */,
			);
			name = Transmission;
			productName = "Transmission-iOS";
			productReference = D34ACC1416DA547C00607AD7 /* Transmission.app */;
			productType = "com.apple.product-type.application";
		};
/* End PBXNativeTarget section */

/* Begin PBXProject section */
		D34ACC0C16DA547B00607AD7 /* Project object */ = {
			isa = PBXProject;
			attributes = {
				CLASSPREFIX = BP;
				LastUpgradeCheck = 0460;
				ORGANIZATIONNAME = "Brian Partridge";
			};
			buildConfigurationList = D34ACC0F16DA547B00607AD7 /* Build configuration list for PBXProject "Transmission-iOS" */;
			compatibilityVersion = "Xcode 3.2";
			developmentRegion = English;
			hasScannedForEncodings = 0;
			knownRegions = (
				en,
			);
			mainGroup = D34ACC0B16DA547B00607AD7;
			productRefGroup = D34ACC1516DA547C00607AD7 /* Products */;
			projectDirPath = "";
			projectReferences = (
				{
					ProductGroup = D3BFB94916DB1F3C0052FFA4 /* Products */;
					ProjectRef = D3BFB94816DB1F3C0052FFA4 /* BPFoundation.xcodeproj */;
				},
			);
			projectRoot = "";
			targets = (
				D34ACC1316DA547B00607AD7 /* Transmission */,
				D360A8A216EBEE59001B9AF0 /* Mogenerator */,
			);
		};
/* End PBXProject section */

/* Begin PBXReferenceProxy section */
		D3BFB94D16DB1F3C0052FFA4 /* libBPFoundation.a */ = {
			isa = PBXReferenceProxy;
			fileType = archive.ar;
			path = libBPFoundation.a;
			remoteRef = D3BFB94C16DB1F3C0052FFA4 /* PBXContainerItemProxy */;
			sourceTree = BUILT_PRODUCTS_DIR;
		};
/* End PBXReferenceProxy section */

/* Begin PBXResourcesBuildPhase section */
		D34ACC1216DA547B00607AD7 /* Resources */ = {
			isa = PBXResourcesBuildPhase;
			buildActionMask = 2147483647;
			files = (
				D34ACC2216DA547C00607AD7 /* InfoPlist.strings in Resources */,
				D34ACC2A16DA547C00607AD7 /* Default.png in Resources */,
				D34ACC2C16DA547C00607AD7 /* Default@2x.png in Resources */,
				D34ACC2E16DA547C00607AD7 /* Default-568h@2x.png in Resources */,
				D34C0A5F16E050C500AAFB93 /* BPConnectionViewController.xib in Resources */,
				D35955F916E4028600C91ACC /* BPTorrentCell.xib in Resources */,
				D312BEAF16E4318C00BB5CB8 /* PauseHover.png in Resources */,
				D312BEB016E4318C00BB5CB8 /* PauseHover@2x.png in Resources */,
				D312BEB116E4318C00BB5CB8 /* PauseOn.png in Resources */,
				D312BEB216E4318C00BB5CB8 /* PauseOn@2x.png in Resources */,
				D312BEB316E4318C00BB5CB8 /* ResumeHover.png in Resources */,
				D312BEB416E4318C00BB5CB8 /* ResumeHover@2x.png in Resources */,
				D312BEB516E4318C00BB5CB8 /* ResumeOn.png in Resources */,
				D312BEB616E4318C00BB5CB8 /* ResumeOn@2x.png in Resources */,
				D360A83F16EBE1B9001B9AF0 /* Icon-72.png in Resources */,
				D360A84016EBE1B9001B9AF0 /* Icon-72@2x.png in Resources */,
				D360A84516EBE1B9001B9AF0 /* Icon.png in Resources */,
				D360A84616EBE1B9001B9AF0 /* Icon@2x.png in Resources */,
				D3A49B0A16FEA82F00633296 /* SVProgressHUD.bundle in Resources */,
				D385475B178A2688006647C9 /* AFHTTPRequestOperationLogger.podspec in Resources */,
				D385475C178A2688006647C9 /* LICENSE in Resources */,
				D385475D178A2688006647C9 /* README.md in Resources */,
			);
			runOnlyForDeploymentPostprocessing = 0;
		};
/* End PBXResourcesBuildPhase section */

/* Begin PBXShellScriptBuildPhase section */
		D360A8A616EBEE60001B9AF0 /* ShellScript */ = {
			isa = PBXShellScriptBuildPhase;
			buildActionMask = 2147483647;
			files = (
			);
			inputPaths = (
			);
			outputPaths = (
			);
			runOnlyForDeploymentPostprocessing = 0;
			shellPath = /bin/sh;
			shellScript = "PROJECT_NAME=\"Transmission-iOS\"\ncd $PROJECT_NAME\n/usr/local/bin/mogenerator -m $PROJECT_NAME.xcdatamodeld/$PROJECT_NAME.xcdatamodel --template-var arc=true";
		};
/* End PBXShellScriptBuildPhase section */

/* Begin PBXSourcesBuildPhase section */
		D34ACC1016DA547B00607AD7 /* Sources */ = {
			isa = PBXSourcesBuildPhase;
			buildActionMask = 2147483647;
			files = (
				D34ACC2416DA547C00607AD7 /* main.m in Sources */,
				D34ACC2816DA547C00607AD7 /* BPAppDelegate.m in Sources */,
				D34ACC4916DA560400607AD7 /* AFHTTPClient.m in Sources */,
				D34ACC4A16DA560400607AD7 /* AFHTTPRequestOperation.m in Sources */,
				D34ACC4B16DA560400607AD7 /* AFImageRequestOperation.m in Sources */,
				D34ACC4C16DA560400607AD7 /* AFJSONRequestOperation.m in Sources */,
				D34ACC4D16DA560400607AD7 /* AFNetworkActivityIndicatorManager.m in Sources */,
				D34ACC4E16DA560400607AD7 /* AFPropertyListRequestOperation.m in Sources */,
				D34ACC4F16DA560400607AD7 /* AFURLConnectionOperation.m in Sources */,
				D34ACC5016DA560400607AD7 /* AFXMLRequestOperation.m in Sources */,
				D34ACC5116DA560400607AD7 /* UIImageView+AFNetworking.m in Sources */,
				D34ACC5A16DA566000607AD7 /* BPTransmissionClient.m in Sources */,
				D34ACC5D16DA5F8E00607AD7 /* BPTorrentTableViewController.m in Sources */,
				D34C0A5E16E050C500AAFB93 /* BPConnectionViewController.m in Sources */,
				D3EC4B7B16E2C1DD006885F8 /* BPTorrentCell.m in Sources */,
				D35955FC16E40D0C00C91ACC /* UIColor+Progress.m in Sources */,
				D35955FF16E40E3C00C91ACC /* BPProgressView.m in Sources */,
				D360A88516EBEE0D001B9AF0 /* MagicalImportFunctions.m in Sources */,
				D360A88616EBEE0D001B9AF0 /* NSAttributeDescription+MagicalDataImport.m in Sources */,
				D360A88716EBEE0D001B9AF0 /* NSEntityDescription+MagicalDataImport.m in Sources */,
				D360A88816EBEE0D001B9AF0 /* NSNumber+MagicalDataImport.m in Sources */,
				D360A88916EBEE0D001B9AF0 /* NSObject+MagicalDataImport.m in Sources */,
				D360A88A16EBEE0D001B9AF0 /* NSRelationshipDescription+MagicalDataImport.m in Sources */,
				D360A88B16EBEE0D001B9AF0 /* NSString+MagicalDataImport.m in Sources */,
				D360A88C16EBEE0D001B9AF0 /* NSManagedObject+MagicalAggregation.m in Sources */,
				D360A88D16EBEE0D001B9AF0 /* NSManagedObject+MagicalDataImport.m in Sources */,
				D360A88E16EBEE0D001B9AF0 /* NSManagedObject+MagicalFinders.m in Sources */,
				D360A88F16EBEE0D001B9AF0 /* NSManagedObject+MagicalRecord.m in Sources */,
				D360A89016EBEE0D001B9AF0 /* NSManagedObject+MagicalRequests.m in Sources */,
				D360A89116EBEE0D001B9AF0 /* NSManagedObjectContext+MagicalObserving.m in Sources */,
				D360A89216EBEE0D001B9AF0 /* NSManagedObjectContext+MagicalRecord.m in Sources */,
				D360A89316EBEE0D001B9AF0 /* NSManagedObjectContext+MagicalSaves.m in Sources */,
				D360A89416EBEE0D001B9AF0 /* NSManagedObjectContext+MagicalThreading.m in Sources */,
				D360A89516EBEE0D001B9AF0 /* NSManagedObjectModel+MagicalRecord.m in Sources */,
				D360A89616EBEE0D001B9AF0 /* NSPersistentStore+MagicalRecord.m in Sources */,
				D360A89716EBEE0D001B9AF0 /* NSPersistentStoreCoordinator+MagicalRecord.m in Sources */,
				D360A89816EBEE0D001B9AF0 /* MagicalRecord+Actions.m in Sources */,
				D360A89916EBEE0D001B9AF0 /* MagicalRecord+ErrorHandling.m in Sources */,
				D360A89A16EBEE0D001B9AF0 /* MagicalRecord+iCloud.m in Sources */,
				D360A89B16EBEE0D001B9AF0 /* MagicalRecord+Options.m in Sources */,
				D360A89C16EBEE0D001B9AF0 /* MagicalRecord+Setup.m in Sources */,
				D360A89D16EBEE0D001B9AF0 /* MagicalRecord+ShorthandSupport.m in Sources */,
				D360A89E16EBEE0D001B9AF0 /* MagicalRecord.m in Sources */,
				D36134AE16ED350300AE6B6C /* Transmission-iOS.xcdatamodeld in Sources */,
				D36134B116ED352500AE6B6C /* _BPTorrent.m in Sources */,
				D36134B416ED353200AE6B6C /* BPTorrent.m in Sources */,
				D36134B716ED36AB00AE6B6C /* BPTransmissionEngine.m in Sources */,
				D3A49AD916FEA47E00633296 /* NSData+Base64.m in Sources */,
				D3A49B0B16FEA82F00633296 /* SVProgressHUD.m in Sources */,
				D3A49B0F16FEAC0D00633296 /* NSUserDefaults+Settings.m in Sources */,
				D385475A178A2688006647C9 /* AFHTTPRequestOperationLogger.m in Sources */,
			);
			runOnlyForDeploymentPostprocessing = 0;
		};
/* End PBXSourcesBuildPhase section */

/* Begin PBXTargetDependency section */
		D360A8AB16EBEEAF001B9AF0 /* PBXTargetDependency */ = {
			isa = PBXTargetDependency;
			target = D360A8A216EBEE59001B9AF0 /* Mogenerator */;
			targetProxy = D360A8AA16EBEEAF001B9AF0 /* PBXContainerItemProxy */;
		};
		D3BFB95316DB1F650052FFA4 /* PBXTargetDependency */ = {
			isa = PBXTargetDependency;
			name = BPFoundation;
			targetProxy = D3BFB95216DB1F650052FFA4 /* PBXContainerItemProxy */;
		};
/* End PBXTargetDependency section */

/* Begin PBXVariantGroup section */
		D34ACC2016DA547C00607AD7 /* InfoPlist.strings */ = {
			isa = PBXVariantGroup;
			children = (
				D34ACC2116DA547C00607AD7 /* en */,
			);
			name = InfoPlist.strings;
			sourceTree = "<group>";
		};
/* End PBXVariantGroup section */

/* Begin XCBuildConfiguration section */
		D34ACC2F16DA547C00607AD7 /* Debug */ = {
			isa = XCBuildConfiguration;
			buildSettings = {
				ALWAYS_SEARCH_USER_PATHS = NO;
				CLANG_CXX_LANGUAGE_STANDARD = "gnu++0x";
				CLANG_CXX_LIBRARY = "libc++";
				CLANG_ENABLE_OBJC_ARC = YES;
				CLANG_WARN_CONSTANT_CONVERSION = YES;
				CLANG_WARN_EMPTY_BODY = YES;
				CLANG_WARN_ENUM_CONVERSION = YES;
				CLANG_WARN_INT_CONVERSION = YES;
				CLANG_WARN__DUPLICATE_METHOD_MATCH = YES;
				"CODE_SIGN_IDENTITY[sdk=iphoneos*]" = "iPhone Developer";
				COPY_PHASE_STRIP = NO;
				GCC_C_LANGUAGE_STANDARD = gnu99;
				GCC_DYNAMIC_NO_PIC = NO;
				GCC_OPTIMIZATION_LEVEL = 0;
				GCC_PREPROCESSOR_DEFINITIONS = (
					"DEBUG=1",
					"$(inherited)",
				);
				GCC_SYMBOLS_PRIVATE_EXTERN = NO;
				GCC_WARN_ABOUT_RETURN_TYPE = YES;
				GCC_WARN_UNINITIALIZED_AUTOS = YES;
				GCC_WARN_UNUSED_VARIABLE = YES;
				IPHONEOS_DEPLOYMENT_TARGET = 6.1;
				ONLY_ACTIVE_ARCH = YES;
				SDKROOT = iphoneos;
			};
			name = Debug;
		};
		D34ACC3016DA547C00607AD7 /* Release */ = {
			isa = XCBuildConfiguration;
			buildSettings = {
				ALWAYS_SEARCH_USER_PATHS = NO;
				CLANG_CXX_LANGUAGE_STANDARD = "gnu++0x";
				CLANG_CXX_LIBRARY = "libc++";
				CLANG_ENABLE_OBJC_ARC = YES;
				CLANG_WARN_CONSTANT_CONVERSION = YES;
				CLANG_WARN_EMPTY_BODY = YES;
				CLANG_WARN_ENUM_CONVERSION = YES;
				CLANG_WARN_INT_CONVERSION = YES;
				CLANG_WARN__DUPLICATE_METHOD_MATCH = YES;
				"CODE_SIGN_IDENTITY[sdk=iphoneos*]" = "iPhone Developer";
				COPY_PHASE_STRIP = YES;
				GCC_C_LANGUAGE_STANDARD = gnu99;
				GCC_WARN_ABOUT_RETURN_TYPE = YES;
				GCC_WARN_UNINITIALIZED_AUTOS = YES;
				GCC_WARN_UNUSED_VARIABLE = YES;
				IPHONEOS_DEPLOYMENT_TARGET = 6.1;
				OTHER_CFLAGS = "-DNS_BLOCK_ASSERTIONS=1";
				SDKROOT = iphoneos;
				VALIDATE_PRODUCT = YES;
			};
			name = Release;
		};
		D34ACC3216DA547C00607AD7 /* Debug */ = {
			isa = XCBuildConfiguration;
			buildSettings = {
				GCC_PRECOMPILE_PREFIX_HEADER = YES;
				GCC_PREFIX_HEADER = "Transmission-iOS/Transmission-iOS-Prefix.pch";
				INFOPLIST_FILE = "Transmission-iOS/Transmission-iOS-Info.plist";
				OTHER_LDFLAGS = (
					"-all_load",
					"-ObjC",
				);
				PRODUCT_NAME = "$(TARGET_NAME)";
				USER_HEADER_SEARCH_PATHS = "3rdParty/BPFoundation/BPFoundation 3rdParty/MagicalRecord/MagicalRecord";
				WRAPPER_EXTENSION = app;
			};
			name = Debug;
		};
		D34ACC3316DA547C00607AD7 /* Release */ = {
			isa = XCBuildConfiguration;
			buildSettings = {
				GCC_PRECOMPILE_PREFIX_HEADER = YES;
				GCC_PREFIX_HEADER = "Transmission-iOS/Transmission-iOS-Prefix.pch";
				INFOPLIST_FILE = "Transmission-iOS/Transmission-iOS-Info.plist";
				OTHER_LDFLAGS = (
					"-all_load",
					"-ObjC",
				);
				PRODUCT_NAME = "$(TARGET_NAME)";
				USER_HEADER_SEARCH_PATHS = "3rdParty/BPFoundation/BPFoundation 3rdParty/MagicalRecord/MagicalRecord";
				WRAPPER_EXTENSION = app;
			};
			name = Release;
		};
		D360A8A416EBEE59001B9AF0 /* Debug */ = {
			isa = XCBuildConfiguration;
			buildSettings = {
				PRODUCT_NAME = "$(TARGET_NAME)";
			};
			name = Debug;
		};
		D360A8A516EBEE59001B9AF0 /* Release */ = {
			isa = XCBuildConfiguration;
			buildSettings = {
				PRODUCT_NAME = "$(TARGET_NAME)";
			};
			name = Release;
		};
/* End XCBuildConfiguration section */

/* Begin XCConfigurationList section */
		D34ACC0F16DA547B00607AD7 /* Build configuration list for PBXProject "Transmission-iOS" */ = {
			isa = XCConfigurationList;
			buildConfigurations = (
				D34ACC2F16DA547C00607AD7 /* Debug */,
				D34ACC3016DA547C00607AD7 /* Release */,
			);
			defaultConfigurationIsVisible = 0;
			defaultConfigurationName = Release;
		};
		D34ACC3116DA547C00607AD7 /* Build configuration list for PBXNativeTarget "Transmission" */ = {
			isa = XCConfigurationList;
			buildConfigurations = (
				D34ACC3216DA547C00607AD7 /* Debug */,
				D34ACC3316DA547C00607AD7 /* Release */,
			);
			defaultConfigurationIsVisible = 0;
			defaultConfigurationName = Release;
		};
		D360A8A316EBEE59001B9AF0 /* Build configuration list for PBXAggregateTarget "Mogenerator" */ = {
			isa = XCConfigurationList;
			buildConfigurations = (
				D360A8A416EBEE59001B9AF0 /* Debug */,
				D360A8A516EBEE59001B9AF0 /* Release */,
			);
			defaultConfigurationIsVisible = 0;
			defaultConfigurationName = Release;
		};
/* End XCConfigurationList section */

/* Begin XCVersionGroup section */
		D36134AC16ED350300AE6B6C /* Transmission-iOS.xcdatamodeld */ = {
			isa = XCVersionGroup;
			children = (
				D36134AD16ED350300AE6B6C /* Transmission-iOS.xcdatamodel */,
			);
			currentVersion = D36134AD16ED350300AE6B6C /* Transmission-iOS.xcdatamodel */;
			path = "Transmission-iOS.xcdatamodeld";
			sourceTree = "<group>";
			versionGroupType = wrapper.xcdatamodel;
		};
/* End XCVersionGroup section */
	};
	rootObject = D34ACC0C16DA547B00607AD7 /* Project object */;
}
